# SPDX-FileCopyrightText: 2021 Determinate Systems, Inc.
#
# SPDX-License-Identifier: MIT
# yaml-language-server: $schema=https://json.schemastore.org/github-workflow.json
name: Bump flake.lock
on:
  workflow_dispatch: # allows manual triggering
  push:
    branches:
      - "main"
jobs:
  lockfile:
    runs-on: ubuntu-latest
    steps:
      - name: Checkout repository
        uses: actions/checkout@08c6903cd8c0fde910a37f88322edcfb5dd907a8
        uses: cachix/install-nix-action@v31
        with:
          extra_nix_config: |
            experimental-features = nix-command flakes
            accept-flake-config = true
      - name: Update flake.lock
        uses: DeterminateSystems/update-flake-lock@c5930b397a673a70ca70be06020e943aeac310a1
        with:
          pr-title: "flake.lock: bump"
          pr-labels: |
            dependencies
