# SPDX-FileCopyrightText: 2021 Determinate Systems, Inc.
#
# SPDX-License-Identifier: MIT
# yaml-language-server: $schema=https://json.schemastore.org/github-workflow.json
name: Bump flake.lock
on:
  workflow_dispatch: # allows manual triggering
  push:
    branches:
      - "main"
jobs:
  lockfile:
    runs-on: ubuntu-latest
    permissions:
      contents: write
      id-token: write
      issues: write
      pull-requests: write
    steps:
      - name: Checkout repository
        uses: actions/checkout@de0fac2e4500dabe0009e67214ff5f5447ce83dd
      - uses: cachix/install-nix-action@v31
        with:
          extra_nix_config: |
            experimental-features = nix-command flakes
            accept-flake-config = true
      - name: Update flake.lock
        uses: DeterminateSystems/update-flake-lock@834c491b2ece4de0bbd00d85214bb5e83b4da5c6
        with:
          pr-title: "flake.lock: bump"
          pr-labels: |
            dependencies
