# SPDX-FileCopyrightText: 2021 Determinate Systems, Inc.
#
# SPDX-License-Identifier: MIT

name: Bump flake.lock
on:
  workflow_dispatch: # allows manual triggering
  push:
    branches:
      - "main"
jobs:
  lockfile:
    runs-on: ubuntu-latest
    steps:
      - name: Checkout repository
        uses: actions/checkout@692973e3d937129bcbf40652eb9f2f61becf3332
      - name: Install Nix
        uses: DeterminateSystems/nix-installer-action@e50d5f73bfe71c2dd0aa4218de8f4afa59f8f81d
      - name: Update flake.lock
        uses: DeterminateSystems/update-flake-lock@a2bbe0274e3a0c4194390a1e445f734c597ebc37
        with:
          pr-title: "flake.lock: bump"
          pr-labels: |
            dependencies
